
Microsoft Visual Studio Solution File, Format Version 12.00
# Visual Studio Version 16
VisualStudioVersion = 16.0.30503.244
MinimumVisualStudioVersion = 10.0.40219.1
Project("{FAE04EC0-301F-11D3-BF4B-00C04F79EFBC}") = "ExperimentSimpleInjector", "ExperimentSimpleInjector.csproj", "{F1241C89-59C4-491D-A1C6-F2CB18C838EC}"
EndProject
Global
	GlobalSection(SolutionConfigurationPlatforms) = preSolution
		Debug|Any CPU = Debug|Any CPU
		Release|Any CPU = Release|Any CPU
	EndGlobalSection
	GlobalSection(ProjectConfigurationPlatforms) = postSolution
		{F1241C89-59C4-491D-A1C6-F2CB18C838EC}.Debug|Any CPU.ActiveCfg = Debug|Any CPU
		{F1241C89-59C4-491D-A1C6-F2CB18C838EC}.Debug|Any CPU.Build.0 = Debug|Any CPU
		{F1241C89-59C4-491D-A1C6-F2CB18C838EC}.Release|Any CPU.ActiveCfg = Release|Any CPU
		{F1241C89-59C4-491D-A1C6-F2CB18C838EC}.Release|Any CPU.Build.0 = Release|Any CPU
	EndGlobalSection
	GlobalSection(SolutionProperties) = preSolution
		HideSolutionNode = FALSE
	EndGlobalSection
	GlobalSection(ExtensibilityGlobals) = postSolution
		SolutionGuid = {9D5F63A1-9A02-461D-BF5F-572D819F5277}
	EndGlobalSection
EndGlobal
